
Microsoft Visual Studio Solution File, Format Version 12.00
# Visual Studio Version 17
VisualStudioVersion = 17.10.35027.167
MinimumVisualStudioVersion = 10.0.40219.1
Project("{FAE04EC0-301F-11D3-BF4B-00C04F79EFBC}") = "Restaurant.Orders", "Restaurant.Orders\Restaurant.Orders.csproj", "{81FC6DB6-AE8B-408A-9B7C-45DF5D94CBAA}"
EndProject
Project("{FAE04EC0-301F-11D3-BF4B-00C04F79EFBC}") = "Restaurant.Orders.Common", "Restaurant.Orders.Common\Restaurant.Orders.Common.csproj", "{996C6CC1-A060-446A-A43C-50D62236D5E6}"
EndProject
Global
	GlobalSection(SolutionConfigurationPlatforms) = preSolution
		Debug|Any CPU = Debug|Any CPU
		Release|Any CPU = Release|Any CPU
	EndGlobalSection
	GlobalSection(ProjectConfigurationPlatforms) = postSolution
		{81FC6DB6-AE8B-408A-9B7C-45DF5D94CBAA}.Debug|Any CPU.ActiveCfg = Debug|Any CPU
		{81FC6DB6-AE8B-408A-9B7C-45DF5D94CBAA}.Debug|Any CPU.Build.0 = Debug|Any CPU
		{81FC6DB6-AE8B-408A-9B7C-45DF5D94CBAA}.Release|Any CPU.ActiveCfg = Release|Any CPU
		{81FC6DB6-AE8B-408A-9B7C-45DF5D94CBAA}.Release|Any CPU.Build.0 = Release|Any CPU
		{996C6CC1-A060-446A-A43C-50D62236D5E6}.Debug|Any CPU.ActiveCfg = Debug|Any CPU
		{996C6CC1-A060-446A-A43C-50D62236D5E6}.Debug|Any CPU.Build.0 = Debug|Any CPU
		{996C6CC1-A060-446A-A43C-50D62236D5E6}.Release|Any CPU.ActiveCfg = Release|Any CPU
		{996C6CC1-A060-446A-A43C-50D62236D5E6}.Release|Any CPU.Build.0 = Release|Any CPU
	EndGlobalSection
	GlobalSection(SolutionProperties) = preSolution
		HideSolutionNode = FALSE
	EndGlobalSection
	GlobalSection(ExtensibilityGlobals) = postSolution
		SolutionGuid = {1746F3D6-4016-48EB-BB27-405CA76046C2}
	EndGlobalSection
EndGlobal
